
Microsoft Visual Studio Solution File, Format Version 12.00
# Visual Studio Version 17
VisualStudioVersion = 17.3.32929.385
MinimumVisualStudioVersion = 10.0.40219.1
Project("{FAE04EC0-301F-11D3-BF4B-00C04F79EFBC}") = "EMR_PKM", "EMR_PKM\EMR_PKM.csproj", "{673E0009-C43F-492B-A664-CD1B953EEF4A}"
EndProject
Global
	GlobalSection(SolutionConfigurationPlatforms) = preSolution
		Debug|Any CPU = Debug|Any CPU
		Release|Any CPU = Release|Any CPU
	EndGlobalSection
	GlobalSection(ProjectConfigurationPlatforms) = postSolution
		{673E0009-C43F-492B-A664-CD1B953EEF4A}.Debug|Any CPU.ActiveCfg = Debug|Any CPU
		{673E0009-C43F-492B-A664-CD1B953EEF4A}.Debug|Any CPU.Build.0 = Debug|Any CPU
		{673E0009-C43F-492B-A664-CD1B953EEF4A}.Release|Any CPU.ActiveCfg = Release|Any CPU
		{673E0009-C43F-492B-A664-CD1B953EEF4A}.Release|Any CPU.Build.0 = Release|Any CPU
	EndGlobalSection
	GlobalSection(SolutionProperties) = preSolution
		HideSolutionNode = FALSE
	EndGlobalSection
	GlobalSection(ExtensibilityGlobals) = postSolution
		SolutionGuid = {F60AB1B6-DC5F-4213-ABCA-0955C45D26D1}
	EndGlobalSection
EndGlobal
